
Microsoft Visual Studio Solution File, Format Version 12.00
# Visual Studio Version 17
VisualStudioVersion = 17.14.36623.8 d17.14
MinimumVisualStudioVersion = 10.0.40219.1
Project("{8BC9CEB8-8B4A-11D0-8D11-00A0C91BC942}") = "HW-12", "HW-12.vcxproj", "{0EF9B83C-5769-48F7-B917-EE31C0D6A5E6}"
EndProject
Global
	GlobalSection(SolutionConfigurationPlatforms) = preSolution
		Debug|x64 = Debug|x64
		Debug|x86 = Debug|x86
		Release|x64 = Release|x64
		Release|x86 = Release|x86
	EndGlobalSection
	GlobalSection(ProjectConfigurationPlatforms) = postSolution
		{0EF9B83C-5769-48F7-B917-EE31C0D6A5E6}.Debug|x64.ActiveCfg = Debug|x64
		{0EF9B83C-5769-48F7-B917-EE31C0D6A5E6}.Debug|x64.Build.0 = Debug|x64
		{0EF9B83C-5769-48F7-B917-EE31C0D6A5E6}.Debug|x86.ActiveCfg = Debug|Win32
		{0EF9B83C-5769-48F7-B917-EE31C0D6A5E6}.Debug|x86.Build.0 = Debug|Win32
		{0EF9B83C-5769-48F7-B917-EE31C0D6A5E6}.Release|x64.ActiveCfg = Release|x64
		{0EF9B83C-5769-48F7-B917-EE31C0D6A5E6}.Release|x64.Build.0 = Release|x64
		{0EF9B83C-5769-48F7-B917-EE31C0D6A5E6}.Release|x86.ActiveCfg = Release|Win32
		{0EF9B83C-5769-48F7-B917-EE31C0D6A5E6}.Release|x86.Build.0 = Release|Win32
	EndGlobalSection
	GlobalSection(SolutionProperties) = preSolution
		HideSolutionNode = FALSE
	EndGlobalSection
	GlobalSection(ExtensibilityGlobals) = postSolution
		SolutionGuid = {16F95DE8-AD50-4A2F-92F4-2177B586726D}
	EndGlobalSection
EndGlobal
