
Microsoft Visual Studio Solution File, Format Version 12.00
# Visual Studio Version 17
VisualStudioVersion = 17.14.36623.8 d17.14
MinimumVisualStudioVersion = 10.0.40219.1
Project("{8BC9CEB8-8B4A-11D0-8D11-00A0C91BC942}") = "HW-11", "HW-11.vcxproj", "{CCC04370-17AD-4099-90D4-115B1B92D1F3}"
EndProject
Global
	GlobalSection(SolutionConfigurationPlatforms) = preSolution
		Debug|x64 = Debug|x64
		Debug|x86 = Debug|x86
		Release|x64 = Release|x64
		Release|x86 = Release|x86
	EndGlobalSection
	GlobalSection(ProjectConfigurationPlatforms) = postSolution
		{CCC04370-17AD-4099-90D4-115B1B92D1F3}.Debug|x64.ActiveCfg = Debug|x64
		{CCC04370-17AD-4099-90D4-115B1B92D1F3}.Debug|x64.Build.0 = Debug|x64
		{CCC04370-17AD-4099-90D4-115B1B92D1F3}.Debug|x86.ActiveCfg = Debug|Win32
		{CCC04370-17AD-4099-90D4-115B1B92D1F3}.Debug|x86.Build.0 = Debug|Win32
		{CCC04370-17AD-4099-90D4-115B1B92D1F3}.Release|x64.ActiveCfg = Release|x64
		{CCC04370-17AD-4099-90D4-115B1B92D1F3}.Release|x64.Build.0 = Release|x64
		{CCC04370-17AD-4099-90D4-115B1B92D1F3}.Release|x86.ActiveCfg = Release|Win32
		{CCC04370-17AD-4099-90D4-115B1B92D1F3}.Release|x86.Build.0 = Release|Win32
	EndGlobalSection
	GlobalSection(SolutionProperties) = preSolution
		HideSolutionNode = FALSE
	EndGlobalSection
	GlobalSection(ExtensibilityGlobals) = postSolution
		SolutionGuid = {1A5F72FD-813E-4719-BE7E-EA37A2FA1282}
	EndGlobalSection
EndGlobal
